
Microsoft Visual Studio Solution File, Format Version 12.00
# Visual Studio Version 17
VisualStudioVersion = 17.4.33103.184
MinimumVisualStudioVersion = 10.0.40219.1
Project("{FAE04EC0-301F-11D3-BF4B-00C04F79EFBC}") = "TesteOrder", "TesteOrder\TesteOrder.csproj", "{4AB9B648-66A7-4391-8268-E2309B821224}"
EndProject
Project("{FAE04EC0-301F-11D3-BF4B-00C04F79EFBC}") = "TesteOrder.Domain", "TesteOrder.Domain\TesteOrder.Domain.csproj", "{A2A3ED31-D233-4CFC-A5C7-257FE3400925}"
EndProject
Project("{FAE04EC0-301F-11D3-BF4B-00C04F79EFBC}") = "TesteOrder.Application", "TesteOrder.Application\TesteOrder.Application.csproj", "{097CEB3B-DB8E-42E1-823E-712BF9ADB128}"
EndProject
Global
	GlobalSection(SolutionConfigurationPlatforms) = preSolution
		Debug|Any CPU = Debug|Any CPU
		Release|Any CPU = Release|Any CPU
	EndGlobalSection
	GlobalSection(ProjectConfigurationPlatforms) = postSolution
		{4AB9B648-66A7-4391-8268-E2309B821224}.Debug|Any CPU.ActiveCfg = Debug|Any CPU
		{4AB9B648-66A7-4391-8268-E2309B821224}.Debug|Any CPU.Build.0 = Debug|Any CPU
		{4AB9B648-66A7-4391-8268-E2309B821224}.Release|Any CPU.ActiveCfg = Release|Any CPU
		{4AB9B648-66A7-4391-8268-E2309B821224}.Release|Any CPU.Build.0 = Release|Any CPU
		{A2A3ED31-D233-4CFC-A5C7-257FE3400925}.Debug|Any CPU.ActiveCfg = Debug|Any CPU
		{A2A3ED31-D233-4CFC-A5C7-257FE3400925}.Debug|Any CPU.Build.0 = Debug|Any CPU
		{A2A3ED31-D233-4CFC-A5C7-257FE3400925}.Release|Any CPU.ActiveCfg = Release|Any CPU
		{A2A3ED31-D233-4CFC-A5C7-257FE3400925}.Release|Any CPU.Build.0 = Release|Any CPU
		{097CEB3B-DB8E-42E1-823E-712BF9ADB128}.Debug|Any CPU.ActiveCfg = Debug|Any CPU
		{097CEB3B-DB8E-42E1-823E-712BF9ADB128}.Debug|Any CPU.Build.0 = Debug|Any CPU
		{097CEB3B-DB8E-42E1-823E-712BF9ADB128}.Release|Any CPU.ActiveCfg = Release|Any CPU
		{097CEB3B-DB8E-42E1-823E-712BF9ADB128}.Release|Any CPU.Build.0 = Release|Any CPU
	EndGlobalSection
	GlobalSection(SolutionProperties) = preSolution
		HideSolutionNode = FALSE
	EndGlobalSection
	GlobalSection(ExtensibilityGlobals) = postSolution
		SolutionGuid = {507B3221-4BB7-4611-B8A9-0FF5159094A3}
	EndGlobalSection
EndGlobal
